Microsoft Visual Studio Solution File, Format Version 12.00
# Visual Studio Version 17
VisualStudioVersion = 17.5.2.0
MinimumVisualStudioVersion = 10.0.40219.1
Project("{FAE04EC0-301F-11D3-BF4B-00C04F79EFBC}") = "Poke", "Poke.csproj", "{6621BFF5-DB0A-B196-2492-D12D301184CC}"
EndProject
Global
	GlobalSection(SolutionConfigurationPlatforms) = preSolution
		Debug|Any CPU = Debug|Any CPU
		Release|Any CPU = Release|Any CPU
	EndGlobalSection
	GlobalSection(ProjectConfigurationPlatforms) = postSolution
		{6621BFF5-DB0A-B196-2492-D12D301184CC}.Debug|Any CPU.ActiveCfg = Debug|Any CPU
		{6621BFF5-DB0A-B196-2492-D12D301184CC}.Debug|Any CPU.Build.0 = Debug|Any CPU
		{6621BFF5-DB0A-B196-2492-D12D301184CC}.Release|Any CPU.ActiveCfg = Release|Any CPU
		{6621BFF5-DB0A-B196-2492-D12D301184CC}.Release|Any CPU.Build.0 = Release|Any CPU
	EndGlobalSection
	GlobalSection(SolutionProperties) = preSolution
		HideSolutionNode = FALSE
	EndGlobalSection
	GlobalSection(ExtensibilityGlobals) = postSolution
		SolutionGuid = {6D86BF29-5C8F-45A8-BDA2-CC1E4EC51DA3}
	EndGlobalSection
EndGlobal
